
Microsoft Visual Studio Solution File, Format Version 12.00
# Visual Studio Version 17
VisualStudioVersion = 17.14.36127.28
MinimumVisualStudioVersion = 10.0.40219.1
Project("{FAE04EC0-301F-11D3-BF4B-00C04F79EFBC}") = "NoteEditor.UI", "NotesEditor.UI\NoteEditor.UI.csproj", "{A1261B25-4B74-4AFE-A686-BC3CF8855618}"
EndProject
Project("{FAE04EC0-301F-11D3-BF4B-00C04F79EFBC}") = "NoteEditor.Domain", "NoteEditor.Domain\NoteEditor.Domain.csproj", "{2F698CB1-5C51-4DBC-A92C-79988B9EFDB0}"
EndProject
Project("{FAE04EC0-301F-11D3-BF4B-00C04F79EFBC}") = "NoteEditor.Services", "NoteEditor.Services\NoteEditor.Services.csproj", "{6919C400-642A-4DD5-8AEF-EFC5CFF306B2}"
EndProject
Project("{FAE04EC0-301F-11D3-BF4B-00C04F79EFBC}") = "NoteEditor.Data.Interfaces", "NoteEditor.Data.Interfaces\NoteEditor.Data.Interfaces.csproj", "{C518DA64-095B-41D5-A0F7-ED93DEE376BD}"
EndProject
Project("{FAE04EC0-301F-11D3-BF4B-00C04F79EFBC}") = "NoteEditor.Data.InMemory", "NoteEditor.Data.InMemory\NoteEditor.Data.InMemory.csproj", "{26DBC770-F828-44BE-9BAE-DF0FC9D2C5AB}"
EndProject
Project("{FAE04EC0-301F-11D3-BF4B-00C04F79EFBC}") = "NoteEditor.Data.SqlServer", "NoteEditor.Data.SqlServer\NoteEditor.Data.SqlServer.csproj", "{663C0AFA-9083-46AF-8F19-2E795797E4AF}"
EndProject
Global
	GlobalSection(SolutionConfigurationPlatforms) = preSolution
		Debug|Any CPU = Debug|Any CPU
		Release|Any CPU = Release|Any CPU
	EndGlobalSection
	GlobalSection(ProjectConfigurationPlatforms) = postSolution
		{A1261B25-4B74-4AFE-A686-BC3CF8855618}.Debug|Any CPU.ActiveCfg = Debug|Any CPU
		{A1261B25-4B74-4AFE-A686-BC3CF8855618}.Debug|Any CPU.Build.0 = Debug|Any CPU
		{A1261B25-4B74-4AFE-A686-BC3CF8855618}.Release|Any CPU.ActiveCfg = Release|Any CPU
		{A1261B25-4B74-4AFE-A686-BC3CF8855618}.Release|Any CPU.Build.0 = Release|Any CPU
		{2F698CB1-5C51-4DBC-A92C-79988B9EFDB0}.Debug|Any CPU.ActiveCfg = Debug|Any CPU
		{2F698CB1-5C51-4DBC-A92C-79988B9EFDB0}.Debug|Any CPU.Build.0 = Debug|Any CPU
		{2F698CB1-5C51-4DBC-A92C-79988B9EFDB0}.Release|Any CPU.ActiveCfg = Release|Any CPU
		{2F698CB1-5C51-4DBC-A92C-79988B9EFDB0}.Release|Any CPU.Build.0 = Release|Any CPU
		{6919C400-642A-4DD5-8AEF-EFC5CFF306B2}.Debug|Any CPU.ActiveCfg = Debug|Any CPU
		{6919C400-642A-4DD5-8AEF-EFC5CFF306B2}.Debug|Any CPU.Build.0 = Debug|Any CPU
		{6919C400-642A-4DD5-8AEF-EFC5CFF306B2}.Release|Any CPU.ActiveCfg = Release|Any CPU
		{6919C400-642A-4DD5-8AEF-EFC5CFF306B2}.Release|Any CPU.Build.0 = Release|Any CPU
		{C518DA64-095B-41D5-A0F7-ED93DEE376BD}.Debug|Any CPU.ActiveCfg = Debug|Any CPU
		{C518DA64-095B-41D5-A0F7-ED93DEE376BD}.Debug|Any CPU.Build.0 = Debug|Any CPU
		{C518DA64-095B-41D5-A0F7-ED93DEE376BD}.Release|Any CPU.ActiveCfg = Release|Any CPU
		{C518DA64-095B-41D5-A0F7-ED93DEE376BD}.Release|Any CPU.Build.0 = Release|Any CPU
		{26DBC770-F828-44BE-9BAE-DF0FC9D2C5AB}.Debug|Any CPU.ActiveCfg = Debug|Any CPU
		{26DBC770-F828-44BE-9BAE-DF0FC9D2C5AB}.Debug|Any CPU.Build.0 = Debug|Any CPU
		{26DBC770-F828-44BE-9BAE-DF0FC9D2C5AB}.Release|Any CPU.ActiveCfg = Release|Any CPU
		{26DBC770-F828-44BE-9BAE-DF0FC9D2C5AB}.Release|Any CPU.Build.0 = Release|Any CPU
		{663C0AFA-9083-46AF-8F19-2E795797E4AF}.Debug|Any CPU.ActiveCfg = Debug|Any CPU
		{663C0AFA-9083-46AF-8F19-2E795797E4AF}.Debug|Any CPU.Build.0 = Debug|Any CPU
		{663C0AFA-9083-46AF-8F19-2E795797E4AF}.Release|Any CPU.ActiveCfg = Release|Any CPU
		{663C0AFA-9083-46AF-8F19-2E795797E4AF}.Release|Any CPU.Build.0 = Release|Any CPU
	EndGlobalSection
	GlobalSection(SolutionProperties) = preSolution
		HideSolutionNode = FALSE
	EndGlobalSection
	GlobalSection(ExtensibilityGlobals) = postSolution
		SolutionGuid = {1BA98D9D-EDC3-4059-827F-E5B39D5E7736}
	EndGlobalSection
EndGlobal
